
Microsoft Visual Studio Solution File, Format Version 12.00
# Visual Studio Version 17
VisualStudioVersion = 17.5.002.0
MinimumVisualStudioVersion = 10.0.40219.1
Project("{2150E333-8FDC-42A3-9474-1A3956D46DE8}") = "csharp-prep", "csharp-prep", "{225B9BD8-9B24-4900-99B9-C67DA93D7FBC}"
EndProject
Project("{9A19103F-16F7-4668-BE54-9A1E7A4F7556}") = "Prep1", "csharp-prep\Prep1\Prep1.csproj", "{E3E21D83-D11A-445E-BD9B-64094605F64D}"
EndProject
Project("{9A19103F-16F7-4668-BE54-9A1E7A4F7556}") = "Prep2", "csharp-prep\Prep2\Prep2.csproj", "{A9681F0C-8E5F-4E3C-A0FE-990A92BEF02D}"
EndProject
Project("{9A19103F-16F7-4668-BE54-9A1E7A4F7556}") = "Prep3", "csharp-prep\Prep3\Prep3.csproj", "{B346D569-E585-4C62-A74B-87718F39E70C}"
EndProject
Project("{9A19103F-16F7-4668-BE54-9A1E7A4F7556}") = "Prep4", "csharp-prep\Prep4\Prep4.csproj", "{276F2194-5BD6-4FD2-8A89-3BA61AC9BF4E}"
EndProject
Project("{9A19103F-16F7-4668-BE54-9A1E7A4F7556}") = "Prep5", "csharp-prep\Prep5\Prep5.csproj", "{EC2BCEC8-6C4B-4C62-9398-237A62400FF4}"
EndProject
Project("{2150E333-8FDC-42A3-9474-1A3956D46DE8}") = "final", "final", "{4A80E9D8-51D7-41B0-89C3-C021CB030F4A}"
EndProject
Project("{9A19103F-16F7-4668-BE54-9A1E7A4F7556}") = "FinalProject", "final\FinalProject\FinalProject.csproj", "{198BD2C5-54C5-40FB-ADD2-17D2EDD6E9FD}"
EndProject
Project("{9A19103F-16F7-4668-BE54-9A1E7A4F7556}") = "Foundation1", "final\Foundation1\Foundation1.csproj", "{B33F9198-B504-491D-BDD1-340BD4BCB9DF}"
EndProject
Project("{9A19103F-16F7-4668-BE54-9A1E7A4F7556}") = "Foundation2", "final\Foundation2\Foundation2.csproj", "{7BF61882-E730-41CA-942E-8CA0C8E622D8}"
EndProject
Project("{9A19103F-16F7-4668-BE54-9A1E7A4F7556}") = "Foundation3", "final\Foundation3\Foundation3.csproj", "{3FF17DFB-1D47-44D3-AC2B-AF379C8888C0}"
EndProject
Project("{9A19103F-16F7-4668-BE54-9A1E7A4F7556}") = "Foundation4", "final\Foundation4\Foundation4.csproj", "{C9598972-3FA3-4BB5-A1C9-465DC1673DF5}"
EndProject
Project("{2150E333-8FDC-42A3-9474-1A3956D46DE8}") = "prepare", "prepare", "{D6B01F3C-F859-4BF0-9E29-25952C8C38DF}"
EndProject
Project("{9A19103F-16F7-4668-BE54-9A1E7A4F7556}") = "Learning02", "prepare\Learning02\Learning02.csproj", "{346723F6-3F45-4C44-B0DC-F01675ABA0BC}"
EndProject
Project("{9A19103F-16F7-4668-BE54-9A1E7A4F7556}") = "Learning03", "prepare\Learning03\Learning03.csproj", "{9D369C1A-F144-4CFA-8B19-5EBD31D99743}"
EndProject
Project("{9A19103F-16F7-4668-BE54-9A1E7A4F7556}") = "Learning04", "prepare\Learning04\Learning04.csproj", "{E222A127-4D5D-4057-9FF7-15E56A08512D}"
EndProject
Project("{9A19103F-16F7-4668-BE54-9A1E7A4F7556}") = "Learning05", "prepare\Learning05\Learning05.csproj", "{70D6D4D8-14C6-4517-ADE8-0C1E47198B20}"
EndProject
Project("{2150E333-8FDC-42A3-9474-1A3956D46DE8}") = "prove", "prove", "{6F7686CF-D972-4FBA-8432-F1237F691103}"
EndProject
Project("{9A19103F-16F7-4668-BE54-9A1E7A4F7556}") = "Develop02", "prove\Develop02\Develop02.csproj", "{8343FAD1-9CB5-4216-B71B-8A05C8788FA2}"
EndProject
Project("{9A19103F-16F7-4668-BE54-9A1E7A4F7556}") = "Develop03", "prove\Develop03\Develop03.csproj", "{312320C7-57EB-4D1A-8CF1-8C34CCE8047D}"
EndProject
Project("{9A19103F-16F7-4668-BE54-9A1E7A4F7556}") = "Develop04", "prove\Develop04\Develop04.csproj", "{F8628260-CF6B-476B-9D78-B28F57D898FA}"
EndProject
Project("{9A19103F-16F7-4668-BE54-9A1E7A4F7556}") = "Develop05", "prove\Develop05\Develop05.csproj", "{BED856C9-2B1E-42EB-8F52-4156204D1E8C}"
EndProject
Project("{2150E333-8FDC-42A3-9474-1A3956D46DE8}") = "sandbox", "sandbox", "{3FBE7603-9B83-4A89-85E7-9A82EC7DB457}"
EndProject
Project("{9A19103F-16F7-4668-BE54-9A1E7A4F7556}") = "Sandbox", "sandbox\Sandbox\Sandbox.csproj", "{E6E07CE7-7169-459B-A3AE-3CE0D26CC275}"
EndProject
Global
	GlobalSection(SolutionConfigurationPlatforms) = preSolution
		Debug|Any CPU = Debug|Any CPU
		Release|Any CPU = Release|Any CPU
	EndGlobalSection
	GlobalSection(ProjectConfigurationPlatforms) = postSolution
		{E3E21D83-D11A-445E-BD9B-64094605F64D}.Debug|Any CPU.ActiveCfg = Debug|Any CPU
		{E3E21D83-D11A-445E-BD9B-64094605F64D}.Debug|Any CPU.Build.0 = Debug|Any CPU
		{E3E21D83-D11A-445E-BD9B-64094605F64D}.Release|Any CPU.ActiveCfg = Release|Any CPU
		{E3E21D83-D11A-445E-BD9B-64094605F64D}.Release|Any CPU.Build.0 = Release|Any CPU
		{A9681F0C-8E5F-4E3C-A0FE-990A92BEF02D}.Debug|Any CPU.ActiveCfg = Debug|Any CPU
		{A9681F0C-8E5F-4E3C-A0FE-990A92BEF02D}.Debug|Any CPU.Build.0 = Debug|Any CPU
		{A9681F0C-8E5F-4E3C-A0FE-990A92BEF02D}.Release|Any CPU.ActiveCfg = Release|Any CPU
		{A9681F0C-8E5F-4E3C-A0FE-990A92BEF02D}.Release|Any CPU.Build.0 = Release|Any CPU
		{B346D569-E585-4C62-A74B-87718F39E70C}.Debug|Any CPU.ActiveCfg = Debug|Any CPU
		{B346D569-E585-4C62-A74B-87718F39E70C}.Debug|Any CPU.Build.0 = Debug|Any CPU
		{B346D569-E585-4C62-A74B-87718F39E70C}.Release|Any CPU.ActiveCfg = Release|Any CPU
		{B346D569-E585-4C62-A74B-87718F39E70C}.Release|Any CPU.Build.0 = Release|Any CPU
		{276F2194-5BD6-4FD2-8A89-3BA61AC9BF4E}.Debug|Any CPU.ActiveCfg = Debug|Any CPU
		{276F2194-5BD6-4FD2-8A89-3BA61AC9BF4E}.Debug|Any CPU.Build.0 = Debug|Any CPU
		{276F2194-5BD6-4FD2-8A89-3BA61AC9BF4E}.Release|Any CPU.ActiveCfg = Release|Any CPU
		{276F2194-5BD6-4FD2-8A89-3BA61AC9BF4E}.Release|Any CPU.Build.0 = Release|Any CPU
		{EC2BCEC8-6C4B-4C62-9398-237A62400FF4}.Debug|Any CPU.ActiveCfg = Debug|Any CPU
		{EC2BCEC8-6C4B-4C62-9398-237A62400FF4}.Debug|Any CPU.Build.0 = Debug|Any CPU
		{EC2BCEC8-6C4B-4C62-9398-237A62400FF4}.Release|Any CPU.ActiveCfg = Release|Any CPU
		{EC2BCEC8-6C4B-4C62-9398-237A62400FF4}.Release|Any CPU.Build.0 = Release|Any CPU
		{198BD2C5-54C5-40FB-ADD2-17D2EDD6E9FD}.Debug|Any CPU.ActiveCfg = Debug|Any CPU
		{198BD2C5-54C5-40FB-ADD2-17D2EDD6E9FD}.Debug|Any CPU.Build.0 = Debug|Any CPU
		{198BD2C5-54C5-40FB-ADD2-17D2EDD6E9FD}.Release|Any CPU.ActiveCfg = Release|Any CPU
		{198BD2C5-54C5-40FB-ADD2-17D2EDD6E9FD}.Release|Any CPU.Build.0 = Release|Any CPU
		{B33F9198-B504-491D-BDD1-340BD4BCB9DF}.Debug|Any CPU.ActiveCfg = Debug|Any CPU
		{B33F9198-B504-491D-BDD1-340BD4BCB9DF}.Debug|Any CPU.Build.0 = Debug|Any CPU
		{B33F9198-B504-491D-BDD1-340BD4BCB9DF}.Release|Any CPU.ActiveCfg = Release|Any CPU
		{B33F9198-B504-491D-BDD1-340BD4BCB9DF}.Release|Any CPU.Build.0 = Release|Any CPU
		{7BF61882-E730-41CA-942E-8CA0C8E622D8}.Debug|Any CPU.ActiveCfg = Debug|Any CPU
		{7BF61882-E730-41CA-942E-8CA0C8E622D8}.Debug|Any CPU.Build.0 = Debug|Any CPU
		{7BF61882-E730-41CA-942E-8CA0C8E622D8}.Release|Any CPU.ActiveCfg = Release|Any CPU
		{7BF61882-E730-41CA-942E-8CA0C8E622D8}.Release|Any CPU.Build.0 = Release|Any CPU
		{3FF17DFB-1D47-44D3-AC2B-AF379C8888C0}.Debug|Any CPU.ActiveCfg = Debug|Any CPU
		{3FF17DFB-1D47-44D3-AC2B-AF379C8888C0}.Debug|Any CPU.Build.0 = Debug|Any CPU
		{3FF17DFB-1D47-44D3-AC2B-AF379C8888C0}.Release|Any CPU.ActiveCfg = Release|Any CPU
		{3FF17DFB-1D47-44D3-AC2B-AF379C8888C0}.Release|Any CPU.Build.0 = Release|Any CPU
		{C9598972-3FA3-4BB5-A1C9-465DC1673DF5}.Debug|Any CPU.ActiveCfg = Debug|Any CPU
		{C9598972-3FA3-4BB5-A1C9-465DC1673DF5}.Debug|Any CPU.Build.0 = Debug|Any CPU
		{C9598972-3FA3-4BB5-A1C9-465DC1673DF5}.Release|Any CPU.ActiveCfg = Release|Any CPU
		{C9598972-3FA3-4BB5-A1C9-465DC1673DF5}.Release|Any CPU.Build.0 = Release|Any CPU
		{346723F6-3F45-4C44-B0DC-F01675ABA0BC}.Debug|Any CPU.ActiveCfg = Debug|Any CPU
		{346723F6-3F45-4C44-B0DC-F01675ABA0BC}.Debug|Any CPU.Build.0 = Debug|Any CPU
		{346723F6-3F45-4C44-B0DC-F01675ABA0BC}.Release|Any CPU.ActiveCfg = Release|Any CPU
		{346723F6-3F45-4C44-B0DC-F01675ABA0BC}.Release|Any CPU.Build.0 = Release|Any CPU
		{9D369C1A-F144-4CFA-8B19-5EBD31D99743}.Debug|Any CPU.ActiveCfg = Debug|Any CPU
		{9D369C1A-F144-4CFA-8B19-5EBD31D99743}.Debug|Any CPU.Build.0 = Debug|Any CPU
		{9D369C1A-F144-4CFA-8B19-5EBD31D99743}.Release|Any CPU.ActiveCfg = Release|Any CPU
		{9D369C1A-F144-4CFA-8B19-5EBD31D99743}.Release|Any CPU.Build.0 = Release|Any CPU
		{E222A127-4D5D-4057-9FF7-15E56A08512D}.Debug|Any CPU.ActiveCfg = Debug|Any CPU
		{E222A127-4D5D-4057-9FF7-15E56A08512D}.Debug|Any CPU.Build.0 = Debug|Any CPU
		{E222A127-4D5D-4057-9FF7-15E56A08512D}.Release|Any CPU.ActiveCfg = Release|Any CPU
		{E222A127-4D5D-4057-9FF7-15E56A08512D}.Release|Any CPU.Build.0 = Release|Any CPU
		{70D6D4D8-14C6-4517-ADE8-0C1E47198B20}.Debug|Any CPU.ActiveCfg = Debug|Any CPU
		{70D6D4D8-14C6-4517-ADE8-0C1E47198B20}.Debug|Any CPU.Build.0 = Debug|Any CPU
		{70D6D4D8-14C6-4517-ADE8-0C1E47198B20}.Release|Any CPU.ActiveCfg = Release|Any CPU
		{70D6D4D8-14C6-4517-ADE8-0C1E47198B20}.Release|Any CPU.Build.0 = Release|Any CPU
		{8343FAD1-9CB5-4216-B71B-8A05C8788FA2}.Debug|Any CPU.ActiveCfg = Debug|Any CPU
		{8343FAD1-9CB5-4216-B71B-8A05C8788FA2}.Debug|Any CPU.Build.0 = Debug|Any CPU
		{8343FAD1-9CB5-4216-B71B-8A05C8788FA2}.Release|Any CPU.ActiveCfg = Release|Any CPU
		{8343FAD1-9CB5-4216-B71B-8A05C8788FA2}.Release|Any CPU.Build.0 = Release|Any CPU
		{312320C7-57EB-4D1A-8CF1-8C34CCE8047D}.Debug|Any CPU.ActiveCfg = Debug|Any CPU
		{312320C7-57EB-4D1A-8CF1-8C34CCE8047D}.Debug|Any CPU.Build.0 = Debug|Any CPU
		{312320C7-57EB-4D1A-8CF1-8C34CCE8047D}.Release|Any CPU.ActiveCfg = Release|Any CPU
		{312320C7-57EB-4D1A-8CF1-8C34CCE8047D}.Release|Any CPU.Build.0 = Release|Any CPU
		{F8628260-CF6B-476B-9D78-B28F57D898FA}.Debug|Any CPU.ActiveCfg = Debug|Any CPU
		{F8628260-CF6B-476B-9D78-B28F57D898FA}.Debug|Any CPU.Build.0 = Debug|Any CPU
		{F8628260-CF6B-476B-9D78-B28F57D898FA}.Release|Any CPU.ActiveCfg = Release|Any CPU
		{F8628260-CF6B-476B-9D78-B28F57D898FA}.Release|Any CPU.Build.0 = Release|Any CPU
		{BED856C9-2B1E-42EB-8F52-4156204D1E8C}.Debug|Any CPU.ActiveCfg = Debug|Any CPU
		{BED856C9-2B1E-42EB-8F52-4156204D1E8C}.Debug|Any CPU.Build.0 = Debug|Any CPU
		{BED856C9-2B1E-42EB-8F52-4156204D1E8C}.Release|Any CPU.ActiveCfg = Release|Any CPU
		{BED856C9-2B1E-42EB-8F52-4156204D1E8C}.Release|Any CPU.Build.0 = Release|Any CPU
		{E6E07CE7-7169-459B-A3AE-3CE0D26CC275}.Debug|Any CPU.ActiveCfg = Debug|Any CPU
		{E6E07CE7-7169-459B-A3AE-3CE0D26CC275}.Debug|Any CPU.Build.0 = Debug|Any CPU
		{E6E07CE7-7169-459B-A3AE-3CE0D26CC275}.Release|Any CPU.ActiveCfg = Release|Any CPU
		{E6E07CE7-7169-459B-A3AE-3CE0D26CC275}.Release|Any CPU.Build.0 = Release|Any CPU
	EndGlobalSection
	GlobalSection(SolutionProperties) = preSolution
		HideSolutionNode = FALSE
	EndGlobalSection
	GlobalSection(NestedProjects) = preSolution
		{E3E21D83-D11A-445E-BD9B-64094605F64D} = {225B9BD8-9B24-4900-99B9-C67DA93D7FBC}
		{A9681F0C-8E5F-4E3C-A0FE-990A92BEF02D} = {225B9BD8-9B24-4900-99B9-C67DA93D7FBC}
		{B346D569-E585-4C62-A74B-87718F39E70C} = {225B9BD8-9B24-4900-99B9-C67DA93D7FBC}
		{276F2194-5BD6-4FD2-8A89-3BA61AC9BF4E} = {225B9BD8-9B24-4900-99B9-C67DA93D7FBC}
		{EC2BCEC8-6C4B-4C62-9398-237A62400FF4} = {225B9BD8-9B24-4900-99B9-C67DA93D7FBC}
		{198BD2C5-54C5-40FB-ADD2-17D2EDD6E9FD} = {4A80E9D8-51D7-41B0-89C3-C021CB030F4A}
		{B33F9198-B504-491D-BDD1-340BD4BCB9DF} = {4A80E9D8-51D7-41B0-89C3-C021CB030F4A}
		{7BF61882-E730-41CA-942E-8CA0C8E622D8} = {4A80E9D8-51D7-41B0-89C3-C021CB030F4A}
		{3FF17DFB-1D47-44D3-AC2B-AF379C8888C0} = {4A80E9D8-51D7-41B0-89C3-C021CB030F4A}
		{C9598972-3FA3-4BB5-A1C9-465DC1673DF5} = {4A80E9D8-51D7-41B0-89C3-C021CB030F4A}
		{346723F6-3F45-4C44-B0DC-F01675ABA0BC} = {D6B01F3C-F859-4BF0-9E29-25952C8C38DF}
		{9D369C1A-F144-4CFA-8B19-5EBD31D99743} = {D6B01F3C-F859-4BF0-9E29-25952C8C38DF}
		{E222A127-4D5D-4057-9FF7-15E56A08512D} = {D6B01F3C-F859-4BF0-9E29-25952C8C38DF}
		{70D6D4D8-14C6-4517-ADE8-0C1E47198B20} = {D6B01F3C-F859-4BF0-9E29-25952C8C38DF}
		{8343FAD1-9CB5-4216-B71B-8A05C8788FA2} = {6F7686CF-D972-4FBA-8432-F1237F691103}
		{312320C7-57EB-4D1A-8CF1-8C34CCE8047D} = {6F7686CF-D972-4FBA-8432-F1237F691103}
		{F8628260-CF6B-476B-9D78-B28F57D898FA} = {6F7686CF-D972-4FBA-8432-F1237F691103}
		{BED856C9-2B1E-42EB-8F52-4156204D1E8C} = {6F7686CF-D972-4FBA-8432-F1237F691103}
		{E6E07CE7-7169-459B-A3AE-3CE0D26CC275} = {3FBE7603-9B83-4A89-85E7-9A82EC7DB457}
	EndGlobalSection
	GlobalSection(ExtensibilityGlobals) = postSolution
		SolutionGuid = {BAE5B462-A2D8-4982-81B0-6E55CCBB7E43}
	EndGlobalSection
EndGlobal
